{
  "requires": true,
  "lockfileVersion": 1,
  "dependencies": {
    "liion-lib-d3k": {
      "version": "1.0.0",
      "resolved": "https://registry.npmjs.org/liion-lib-d3k/-/liion-lib-d3k-1.0.0.tgz",
      "integrity": "sha512-IKEORpwcB4xL3QSxMC6bR6HU5N6DNJm0InkWZgTl9CwEoxKBdaVYcTOiuDo/A5ZvST3DIE1av49PH2yVsiXDng=="
    }
  }
}
